{
  "requires": true,
  "lockfileVersion": 1,
  "dependencies": {
    "mongoose2gql": {
      "version": "0.0.4",
      "resolved": "https://registry.npmjs.org/mongoose2gql/-/mongoose2gql-0.0.4.tgz",
      "integrity": "sha1-qj9J4A8rpYzbpQxdtxddON9Rmic=",
      "requires": {
        "ramda": "0.24.1"
      }
    },
    "ramda": {
      "version": "0.24.1",
      "resolved": "https://registry.npmjs.org/ramda/-/ramda-0.24.1.tgz",
      "integrity": "sha1-w7d1UZfzW43DUCIoJixMkd22uFc="
    }
  }
}
